github.com/go-sql-driver/mysql v1.6.0 h1:BCTh4TKNUYmOmMUcQ3IipzF5prigylS7XXjEkfCHuOE=
github.com/go-sql-driver/mysql v1.6.0/go.mod h1:DCzpHaOWr8IXmIStZouvnhqoel9Qv2LBy8hT2VhHyBg=
github.com/qkofy/log v0.0.0-20211003150226-9a149127387c h1:vFlLC0VHSq+gAmQIOpNm2sb8u5q/NaENThGRoKz8UZc=
github.com/qkofy/log v0.0.0-20211003150226-9a149127387c/go.mod h1:xzf3eu1XT/V+UPHfupCB8gV5L4ljm++idtQ6JymHheA=
